
Microsoft Visual Studio Solution File, Format Version 12.00
# Visual Studio 15
VisualStudioVersion = 15.0.28307.852
MinimumVisualStudioVersion = 10.0.40219.1
Project("{FAE04EC0-301F-11D3-BF4B-00C04F79EFBC}") = "ProjektZaliczenie.Android", "ProjektZaliczenie\ProjektZaliczenie.Android\ProjektZaliczenie.Android.csproj", "{A3D8DEB2-9784-48AB-9F0C-C29E1BDD258A}"
EndProject
Project("{FAE04EC0-301F-11D3-BF4B-00C04F79EFBC}") = "ProjektZaliczenie.iOS", "ProjektZaliczenie\ProjektZaliczenie.iOS\ProjektZaliczenie.iOS.csproj", "{3AD23842-B225-4F0B-B39C-278324017375}"
EndProject
Project("{FAE04EC0-301F-11D3-BF4B-00C04F79EFBC}") = "ProjektZaliczenie.UWP", "ProjektZaliczenie\ProjektZaliczenie.UWP\ProjektZaliczenie.UWP.csproj", "{88F81819-D8F3-481F-B34B-F9D7AAC1F39C}"
EndProject
Project("{FAE04EC0-301F-11D3-BF4B-00C04F79EFBC}") = "ProjektZaliczenie", "ProjektZaliczenie\ProjektZaliczenie\ProjektZaliczenie.csproj", "{A502961B-EE5D-446F-89B0-825859D35329}"
EndProject
Global
	GlobalSection(SolutionConfigurationPlatforms) = preSolution
		Ad-Hoc|Any CPU = Ad-Hoc|Any CPU
		Ad-Hoc|ARM = Ad-Hoc|ARM
		Ad-Hoc|iPhone = Ad-Hoc|iPhone
		Ad-Hoc|iPhoneSimulator = Ad-Hoc|iPhoneSimulator
		Ad-Hoc|x64 = Ad-Hoc|x64
		Ad-Hoc|x86 = Ad-Hoc|x86
		AppStore|Any CPU = AppStore|Any CPU
		AppStore|ARM = AppStore|ARM
		AppStore|iPhone = AppStore|iPhone
		AppStore|iPhoneSimulator = AppStore|iPhoneSimulator
		AppStore|x64 = AppStore|x64
		AppStore|x86 = AppStore|x86
		Debug|Any CPU = Debug|Any CPU
		Debug|ARM = Debug|ARM
		Debug|iPhone = Debug|iPhone
		Debug|iPhoneSimulator = Debug|iPhoneSimulator
		Debug|x64 = Debug|x64
		Debug|x86 = Debug|x86
		Release|Any CPU = Release|Any CPU
		Release|ARM = Release|ARM
		Release|iPhone = Release|iPhone
		Release|iPhoneSimulator = Release|iPhoneSimulator
		Release|x64 = Release|x64
		Release|x86 = Release|x86
	EndGlobalSection
	GlobalSection(ProjectConfigurationPlatforms) = postSolution
		{A3D8DEB2-9784-48AB-9F0C-C29E1BDD258A}.Ad-Hoc|Any CPU.ActiveCfg = Release|Any CPU
		{A3D8DEB2-9784-48AB-9F0C-C29E1BDD258A}.Ad-Hoc|Any CPU.Build.0 = Release|Any CPU
		{A3D8DEB2-9784-48AB-9F0C-C29E1BDD258A}.Ad-Hoc|Any CPU.Deploy.0 = Release|Any CPU
		{A3D8DEB2-9784-48AB-9F0C-C29E1BDD258A}.Ad-Hoc|ARM.ActiveCfg = Release|Any CPU
		{A3D8DEB2-9784-48AB-9F0C-C29E1BDD258A}.Ad-Hoc|ARM.Build.0 = Release|Any CPU
		{A3D8DEB2-9784-48AB-9F0C-C29E1BDD258A}.Ad-Hoc|ARM.Deploy.0 = Release|Any CPU
		{A3D8DEB2-9784-48AB-9F0C-C29E1BDD258A}.Ad-Hoc|iPhone.ActiveCfg = Release|Any CPU
		{A3D8DEB2-9784-48AB-9F0C-C29E1BDD258A}.Ad-Hoc|iPhone.Build.0 = Release|Any CPU
		{A3D8DEB2-9784-48AB-9F0C-C29E1BDD258A}.Ad-Hoc|iPhone.Deploy.0 = Release|Any CPU
		{A3D8DEB2-9784-48AB-9F0C-C29E1BDD258A}.Ad-Hoc|iPhoneSimulator.ActiveCfg = Release|Any CPU
		{A3D8DEB2-9784-48AB-9F0C-C29E1BDD258A}.Ad-Hoc|iPhoneSimulator.Build.0 = Release|Any CPU
		{A3D8DEB2-9784-48AB-9F0C-C29E1BDD258A}.Ad-Hoc|iPhoneSimulator.Deploy.0 = Release|Any CPU
		{A3D8DEB2-9784-48AB-9F0C-C29E1BDD258A}.Ad-Hoc|x64.ActiveCfg = Release|Any CPU
		{A3D8DEB2-9784-48AB-9F0C-C29E1BDD258A}.Ad-Hoc|x64.Build.0 = Release|Any CPU
		{A3D8DEB2-9784-48AB-9F0C-C29E1BDD258A}.Ad-Hoc|x64.Deploy.0 = Release|Any CPU
		{A3D8DEB2-9784-48AB-9F0C-C29E1BDD258A}.Ad-Hoc|x86.ActiveCfg = Release|Any CPU
		{A3D8DEB2-9784-48AB-9F0C-C29E1BDD258A}.Ad-Hoc|x86.Build.0 = Release|Any CPU
		{A3D8DEB2-9784-48AB-9F0C-C29E1BDD258A}.Ad-Hoc|x86.Deploy.0 = Release|Any CPU
		{A3D8DEB2-9784-48AB-9F0C-C29E1BDD258A}.AppStore|Any CPU.ActiveCfg = Release|Any CPU
		{A3D8DEB2-9784-48AB-9F0C-C29E1BDD258A}.AppStore|Any CPU.Build.0 = Release|Any CPU
		{A3D8DEB2-9784-48AB-9F0C-C29E1BDD258A}.AppStore|Any CPU.Deploy.0 = Release|Any CPU
		{A3D8DEB2-9784-48AB-9F0C-C29E1BDD258A}.AppStore|ARM.ActiveCfg = Release|Any CPU
		{A3D8DEB2-9784-48AB-9F0C-C29E1BDD258A}.AppStore|ARM.Build.0 = Release|Any CPU
		{A3D8DEB2-9784-48AB-9F0C-C29E1BDD258A}.AppStore|ARM.Deploy.0 = Release|Any CPU
		{A3D8DEB2-9784-48AB-9F0C-C29E1BDD258A}.AppStore|iPhone.ActiveCfg = Release|Any CPU
		{A3D8DEB2-9784-48AB-9F0C-C29E1BDD258A}.AppStore|iPhone.Build.0 = Release|Any CPU
		{A3D8DEB2-9784-48AB-9F0C-C29E1BDD258A}.AppStore|iPhone.Deploy.0 = Release|Any CPU
		{A3D8DEB2-9784-48AB-9F0C-C29E1BDD258A}.AppStore|iPhoneSimulator.ActiveCfg = Release|Any CPU
		{A3D8DEB2-9784-48AB-9F0C-C29E1BDD258A}.AppStore|iPhoneSimulator.Build.0 = Release|Any CPU
		{A3D8DEB2-9784-48AB-9F0C-C29E1BDD258A}.AppStore|iPhoneSimulator.Deploy.0 = Release|Any CPU
		{A3D8DEB2-9784-48AB-9F0C-C29E1BDD258A}.AppStore|x64.ActiveCfg = Release|Any CPU
		{A3D8DEB2-9784-48AB-9F0C-C29E1BDD258A}.AppStore|x64.Build.0 = Release|Any CPU
		{A3D8DEB2-9784-48AB-9F0C-C29E1BDD258A}.AppStore|x64.Deploy.0 = Release|Any CPU
		{A3D8DEB2-9784-48AB-9F0C-C29E1BDD258A}.AppStore|x86.ActiveCfg = Release|Any CPU
		{A3D8DEB2-9784-48AB-9F0C-C29E1BDD258A}.AppStore|x86.Build.0 = Release|Any CPU
		{A3D8DEB2-9784-48AB-9F0C-C29E1BDD258A}.AppStore|x86.Deploy.0 = Release|Any CPU
		{A3D8DEB2-9784-48AB-9F0C-C29E1BDD258A}.Debug|Any CPU.ActiveCfg = Debug|Any CPU
		{A3D8DEB2-9784-48AB-9F0C-C29E1BDD258A}.Debug|Any CPU.Build.0 = Debug|Any CPU
		{A3D8DEB2-9784-48AB-9F0C-C29E1BDD258A}.Debug|Any CPU.Deploy.0 = Debug|Any CPU
		{A3D8DEB2-9784-48AB-9F0C-C29E1BDD258A}.Debug|ARM.ActiveCfg = Debug|Any CPU
		{A3D8DEB2-9784-48AB-9F0C-C29E1BDD258A}.Debug|ARM.Build.0 = Debug|Any CPU
		{A3D8DEB2-9784-48AB-9F0C-C29E1BDD258A}.Debug|ARM.Deploy.0 = Debug|Any CPU
		{A3D8DEB2-9784-48AB-9F0C-C29E1BDD258A}.Debug|iPhone.ActiveCfg = Debug|Any CPU
		{A3D8DEB2-9784-48AB-9F0C-C29E1BDD258A}.Debug|iPhone.Build.0 = Debug|Any CPU
		{A3D8DEB2-9784-48AB-9F0C-C29E1BDD258A}.Debug|iPhone.Deploy.0 = Debug|Any CPU
		{A3D8DEB2-9784-48AB-9F0C-C29E1BDD258A}.Debug|iPhoneSimulator.ActiveCfg = Debug|Any CPU
		{A3D8DEB2-9784-48AB-9F0C-C29E1BDD258A}.Debug|iPhoneSimulator.Build.0 = Debug|Any CPU
		{A3D8DEB2-9784-48AB-9F0C-C29E1BDD258A}.Debug|iPhoneSimulator.Deploy.0 = Debug|Any CPU
		{A3D8DEB2-9784-48AB-9F0C-C29E1BDD258A}.Debug|x64.ActiveCfg = Debug|Any CPU
		{A3D8DEB2-9784-48AB-9F0C-C29E1BDD258A}.Debug|x64.Build.0 = Debug|Any CPU
		{A3D8DEB2-9784-48AB-9F0C-C29E1BDD258A}.Debug|x64.Deploy.0 = Debug|Any CPU
		{A3D8DEB2-9784-48AB-9F0C-C29E1BDD258A}.Debug|x86.ActiveCfg = Debug|Any CPU
		{A3D8DEB2-9784-48AB-9F0C-C29E1BDD258A}.Debug|x86.Build.0 = Debug|Any CPU
		{A3D8DEB2-9784-48AB-9F0C-C29E1BDD258A}.Debug|x86.Deploy.0 = Debug|Any CPU
		{A3D8DEB2-9784-48AB-9F0C-C29E1BDD258A}.Release|Any CPU.ActiveCfg = Release|Any CPU
		{A3D8DEB2-9784-48AB-9F0C-C29E1BDD258A}.Release|Any CPU.Build.0 = Release|Any CPU
		{A3D8DEB2-9784-48AB-9F0C-C29E1BDD258A}.Release|Any CPU.Deploy.0 = Release|Any CPU
		{A3D8DEB2-9784-48AB-9F0C-C29E1BDD258A}.Release|ARM.ActiveCfg = Release|Any CPU
		{A3D8DEB2-9784-48AB-9F0C-C29E1BDD258A}.Release|ARM.Build.0 = Release|Any CPU
		{A3D8DEB2-9784-48AB-9F0C-C29E1BDD258A}.Release|ARM.Deploy.0 = Release|Any CPU
		{A3D8DEB2-9784-48AB-9F0C-C29E1BDD258A}.Release|iPhone.ActiveCfg = Release|Any CPU
		{A3D8DEB2-9784-48AB-9F0C-C29E1BDD258A}.Release|iPhone.Build.0 = Release|Any CPU
		{A3D8DEB2-9784-48AB-9F0C-C29E1BDD258A}.Release|iPhone.Deploy.0 = Release|Any CPU
		{A3D8DEB2-9784-48AB-9F0C-C29E1BDD258A}.Release|iPhoneSimulator.ActiveCfg = Release|Any CPU
		{A3D8DEB2-9784-48AB-9F0C-C29E1BDD258A}.Release|iPhoneSimulator.Build.0 = Release|Any CPU
		{A3D8DEB2-9784-48AB-9F0C-C29E1BDD258A}.Release|iPhoneSimulator.Deploy.0 = Release|Any CPU
		{A3D8DEB2-9784-48AB-9F0C-C29E1BDD258A}.Release|x64.ActiveCfg = Release|Any CPU
		{A3D8DEB2-9784-48AB-9F0C-C29E1BDD258A}.Release|x64.Build.0 = Release|Any CPU
		{A3D8DEB2-9784-48AB-9F0C-C29E1BDD258A}.Release|x64.Deploy.0 = Release|Any CPU
		{A3D8DEB2-9784-48AB-9F0C-C29E1BDD258A}.Release|x86.ActiveCfg = Release|Any CPU
		{A3D8DEB2-9784-48AB-9F0C-C29E1BDD258A}.Release|x86.Build.0 = Release|Any CPU
		{A3D8DEB2-9784-48AB-9F0C-C29E1BDD258A}.Release|x86.Deploy.0 = Release|Any CPU
		{3AD23842-B225-4F0B-B39C-278324017375}.Ad-Hoc|Any CPU.ActiveCfg = Ad-Hoc|iPhone
		{3AD23842-B225-4F0B-B39C-278324017375}.Ad-Hoc|Any CPU.Build.0 = Ad-Hoc|iPhone
		{3AD23842-B225-4F0B-B39C-278324017375}.Ad-Hoc|Any CPU.Deploy.0 = Ad-Hoc|iPhone
		{3AD23842-B225-4F0B-B39C-278324017375}.Ad-Hoc|ARM.ActiveCfg = Ad-Hoc|iPhone
		{3AD23842-B225-4F0B-B39C-278324017375}.Ad-Hoc|ARM.Build.0 = Ad-Hoc|iPhone
		{3AD23842-B225-4F0B-B39C-278324017375}.Ad-Hoc|ARM.Deploy.0 = Ad-Hoc|iPhone
		{3AD23842-B225-4F0B-B39C-278324017375}.Ad-Hoc|iPhone.ActiveCfg = Ad-Hoc|iPhone
		{3AD23842-B225-4F0B-B39C-278324017375}.Ad-Hoc|iPhone.Build.0 = Ad-Hoc|iPhone
		{3AD23842-B225-4F0B-B39C-278324017375}.Ad-Hoc|iPhone.Deploy.0 = Ad-Hoc|iPhone
		{3AD23842-B225-4F0B-B39C-278324017375}.Ad-Hoc|iPhoneSimulator.ActiveCfg = Ad-Hoc|iPhoneSimulator
		{3AD23842-B225-4F0B-B39C-278324017375}.Ad-Hoc|iPhoneSimulator.Build.0 = Ad-Hoc|iPhoneSimulator
		{3AD23842-B225-4F0B-B39C-278324017375}.Ad-Hoc|iPhoneSimulator.Deploy.0 = Ad-Hoc|iPhoneSimulator
		{3AD23842-B225-4F0B-B39C-278324017375}.Ad-Hoc|x64.ActiveCfg = Ad-Hoc|iPhone
		{3AD23842-B225-4F0B-B39C-278324017375}.Ad-Hoc|x64.Build.0 = Ad-Hoc|iPhone
		{3AD23842-B225-4F0B-B39C-278324017375}.Ad-Hoc|x64.Deploy.0 = Ad-Hoc|iPhone
		{3AD23842-B225-4F0B-B39C-278324017375}.Ad-Hoc|x86.ActiveCfg = Ad-Hoc|iPhone
		{3AD23842-B225-4F0B-B39C-278324017375}.Ad-Hoc|x86.Build.0 = Ad-Hoc|iPhone
		{3AD23842-B225-4F0B-B39C-278324017375}.Ad-Hoc|x86.Deploy.0 = Ad-Hoc|iPhone
		{3AD23842-B225-4F0B-B39C-278324017375}.AppStore|Any CPU.ActiveCfg = AppStore|iPhone
		{3AD23842-B225-4F0B-B39C-278324017375}.AppStore|Any CPU.Build.0 = AppStore|iPhone
		{3AD23842-B225-4F0B-B39C-278324017375}.AppStore|Any CPU.Deploy.0 = AppStore|iPhone
		{3AD23842-B225-4F0B-B39C-278324017375}.AppStore|ARM.ActiveCfg = AppStore|iPhone
		{3AD23842-B225-4F0B-B39C-278324017375}.AppStore|ARM.Build.0 = AppStore|iPhone
		{3AD23842-B225-4F0B-B39C-278324017375}.AppStore|ARM.Deploy.0 = AppStore|iPhone
		{3AD23842-B225-4F0B-B39C-278324017375}.AppStore|iPhone.ActiveCfg = AppStore|iPhone
		{3AD23842-B225-4F0B-B39C-278324017375}.AppStore|iPhone.Build.0 = AppStore|iPhone
		{3AD23842-B225-4F0B-B39C-278324017375}.AppStore|iPhone.Deploy.0 = AppStore|iPhone
		{3AD23842-B225-4F0B-B39C-278324017375}.AppStore|iPhoneSimulator.ActiveCfg = AppStore|iPhoneSimulator
		{3AD23842-B225-4F0B-B39C-278324017375}.AppStore|iPhoneSimulator.Build.0 = AppStore|iPhoneSimulator
		{3AD23842-B225-4F0B-B39C-278324017375}.AppStore|iPhoneSimulator.Deploy.0 = AppStore|iPhoneSimulator
		{3AD23842-B225-4F0B-B39C-278324017375}.AppStore|x64.ActiveCfg = AppStore|iPhone
		{3AD23842-B225-4F0B-B39C-278324017375}.AppStore|x64.Build.0 = AppStore|iPhone
		{3AD23842-B225-4F0B-B39C-278324017375}.AppStore|x64.Deploy.0 = AppStore|iPhone
		{3AD23842-B225-4F0B-B39C-278324017375}.AppStore|x86.ActiveCfg = AppStore|iPhone
		{3AD23842-B225-4F0B-B39C-278324017375}.AppStore|x86.Build.0 = AppStore|iPhone
		{3AD23842-B225-4F0B-B39C-278324017375}.AppStore|x86.Deploy.0 = AppStore|iPhone
		{3AD23842-B225-4F0B-B39C-278324017375}.Debug|Any CPU.ActiveCfg = Debug|iPhoneSimulator
		{3AD23842-B225-4F0B-B39C-278324017375}.Debug|Any CPU.Build.0 = Debug|iPhoneSimulator
		{3AD23842-B225-4F0B-B39C-278324017375}.Debug|Any CPU.Deploy.0 = Debug|iPhoneSimulator
		{3AD23842-B225-4F0B-B39C-278324017375}.Debug|ARM.ActiveCfg = Debug|iPhone
		{3AD23842-B225-4F0B-B39C-278324017375}.Debug|ARM.Build.0 = Debug|iPhone
		{3AD23842-B225-4F0B-B39C-278324017375}.Debug|ARM.Deploy.0 = Debug|iPhone
		{3AD23842-B225-4F0B-B39C-278324017375}.Debug|iPhone.ActiveCfg = Debug|iPhone
		{3AD23842-B225-4F0B-B39C-278324017375}.Debug|iPhone.Build.0 = Debug|iPhone
		{3AD23842-B225-4F0B-B39C-278324017375}.Debug|iPhone.Deploy.0 = Debug|iPhone
		{3AD23842-B225-4F0B-B39C-278324017375}.Debug|iPhoneSimulator.ActiveCfg = Debug|iPhoneSimulator
		{3AD23842-B225-4F0B-B39C-278324017375}.Debug|iPhoneSimulator.Build.0 = Debug|iPhoneSimulator
		{3AD23842-B225-4F0B-B39C-278324017375}.Debug|iPhoneSimulator.Deploy.0 = Debug|iPhoneSimulator
		{3AD23842-B225-4F0B-B39C-278324017375}.Debug|x64.ActiveCfg = Debug|iPhone
		{3AD23842-B225-4F0B-B39C-278324017375}.Debug|x64.Build.0 = Debug|iPhone
		{3AD23842-B225-4F0B-B39C-278324017375}.Debug|x64.Deploy.0 = Debug|iPhone
		{3AD23842-B225-4F0B-B39C-278324017375}.Debug|x86.ActiveCfg = Debug|iPhone
		{3AD23842-B225-4F0B-B39C-278324017375}.Debug|x86.Build.0 = Debug|iPhone
		{3AD23842-B225-4F0B-B39C-278324017375}.Debug|x86.Deploy.0 = Debug|iPhone
		{3AD23842-B225-4F0B-B39C-278324017375}.Release|Any CPU.ActiveCfg = Release|iPhone
		{3AD23842-B225-4F0B-B39C-278324017375}.Release|Any CPU.Build.0 = Release|iPhone
		{3AD23842-B225-4F0B-B39C-278324017375}.Release|Any CPU.Deploy.0 = Release|iPhone
		{3AD23842-B225-4F0B-B39C-278324017375}.Release|ARM.ActiveCfg = Release|iPhone
		{3AD23842-B225-4F0B-B39C-278324017375}.Release|ARM.Build.0 = Release|iPhone
		{3AD23842-B225-4F0B-B39C-278324017375}.Release|ARM.Deploy.0 = Release|iPhone
		{3AD23842-B225-4F0B-B39C-278324017375}.Release|iPhone.ActiveCfg = Release|iPhone
		{3AD23842-B225-4F0B-B39C-278324017375}.Release|iPhone.Build.0 = Release|iPhone
		{3AD23842-B225-4F0B-B39C-278324017375}.Release|iPhone.Deploy.0 = Release|iPhone
		{3AD23842-B225-4F0B-B39C-278324017375}.Release|iPhoneSimulator.ActiveCfg = Release|iPhoneSimulator
		{3AD23842-B225-4F0B-B39C-278324017375}.Release|iPhoneSimulator.Build.0 = Release|iPhoneSimulator
		{3AD23842-B225-4F0B-B39C-278324017375}.Release|iPhoneSimulator.Deploy.0 = Release|iPhoneSimulator
		{3AD23842-B225-4F0B-B39C-278324017375}.Release|x64.ActiveCfg = Release|iPhone
		{3AD23842-B225-4F0B-B39C-278324017375}.Release|x64.Build.0 = Release|iPhone
		{3AD23842-B225-4F0B-B39C-278324017375}.Release|x64.Deploy.0 = Release|iPhone
		{3AD23842-B225-4F0B-B39C-278324017375}.Release|x86.ActiveCfg = Release|iPhone
		{3AD23842-B225-4F0B-B39C-278324017375}.Release|x86.Build.0 = Release|iPhone
		{3AD23842-B225-4F0B-B39C-278324017375}.Release|x86.Deploy.0 = Release|iPhone
		{88F81819-D8F3-481F-B34B-F9D7AAC1F39C}.Ad-Hoc|Any CPU.ActiveCfg = Release|x86
		{88F81819-D8F3-481F-B34B-F9D7AAC1F39C}.Ad-Hoc|Any CPU.Build.0 = Release|x86
		{88F81819-D8F3-481F-B34B-F9D7AAC1F39C}.Ad-Hoc|Any CPU.Deploy.0 = Release|x86
		{88F81819-D8F3-481F-B34B-F9D7AAC1F39C}.Ad-Hoc|ARM.ActiveCfg = Release|ARM
		{88F81819-D8F3-481F-B34B-F9D7AAC1F39C}.Ad-Hoc|ARM.Build.0 = Release|ARM
		{88F81819-D8F3-481F-B34B-F9D7AAC1F39C}.Ad-Hoc|ARM.Deploy.0 = Release|ARM
		{88F81819-D8F3-481F-B34B-F9D7AAC1F39C}.Ad-Hoc|iPhone.ActiveCfg = Release|x86
		{88F81819-D8F3-481F-B34B-F9D7AAC1F39C}.Ad-Hoc|iPhone.Build.0 = Release|x86
		{88F81819-D8F3-481F-B34B-F9D7AAC1F39C}.Ad-Hoc|iPhone.Deploy.0 = Release|x86
		{88F81819-D8F3-481F-B34B-F9D7AAC1F39C}.Ad-Hoc|iPhoneSimulator.ActiveCfg = Release|x86
		{88F81819-D8F3-481F-B34B-F9D7AAC1F39C}.Ad-Hoc|iPhoneSimulator.Build.0 = Release|x86
		{88F81819-D8F3-481F-B34B-F9D7AAC1F39C}.Ad-Hoc|iPhoneSimulator.Deploy.0 = Release|x86
		{88F81819-D8F3-481F-B34B-F9D7AAC1F39C}.Ad-Hoc|x64.ActiveCfg = Release|x64
		{88F81819-D8F3-481F-B34B-F9D7AAC1F39C}.Ad-Hoc|x64.Build.0 = Release|x64
		{88F81819-D8F3-481F-B34B-F9D7AAC1F39C}.Ad-Hoc|x64.Deploy.0 = Release|x64
		{88F81819-D8F3-481F-B34B-F9D7AAC1F39C}.Ad-Hoc|x86.ActiveCfg = Release|x86
		{88F81819-D8F3-481F-B34B-F9D7AAC1F39C}.Ad-Hoc|x86.Build.0 = Release|x86
		{88F81819-D8F3-481F-B34B-F9D7AAC1F39C}.Ad-Hoc|x86.Deploy.0 = Release|x86
		{88F81819-D8F3-481F-B34B-F9D7AAC1F39C}.AppStore|Any CPU.ActiveCfg = Release|x86
		{88F81819-D8F3-481F-B34B-F9D7AAC1F39C}.AppStore|Any CPU.Build.0 = Release|x86
		{88F81819-D8F3-481F-B34B-F9D7AAC1F39C}.AppStore|Any CPU.Deploy.0 = Release|x86
		{88F81819-D8F3-481F-B34B-F9D7AAC1F39C}.AppStore|ARM.ActiveCfg = Release|ARM
		{88F81819-D8F3-481F-B34B-F9D7AAC1F39C}.AppStore|ARM.Build.0 = Release|ARM
		{88F81819-D8F3-481F-B34B-F9D7AAC1F39C}.AppStore|ARM.Deploy.0 = Release|ARM
		{88F81819-D8F3-481F-B34B-F9D7AAC1F39C}.AppStore|iPhone.ActiveCfg = Release|x86
		{88F81819-D8F3-481F-B34B-F9D7AAC1F39C}.AppStore|iPhone.Build.0 = Release|x86
		{88F81819-D8F3-481F-B34B-F9D7AAC1F39C}.AppStore|iPhone.Deploy.0 = Release|x86
		{88F81819-D8F3-481F-B34B-F9D7AAC1F39C}.AppStore|iPhoneSimulator.ActiveCfg = Release|x86
		{88F81819-D8F3-481F-B34B-F9D7AAC1F39C}.AppStore|iPhoneSimulator.Build.0 = Release|x86
		{88F81819-D8F3-481F-B34B-F9D7AAC1F39C}.AppStore|iPhoneSimulator.Deploy.0 = Release|x86
		{88F81819-D8F3-481F-B34B-F9D7AAC1F39C}.AppStore|x64.ActiveCfg = Release|x64
		{88F81819-D8F3-481F-B34B-F9D7AAC1F39C}.AppStore|x64.Build.0 = Release|x64
		{88F81819-D8F3-481F-B34B-F9D7AAC1F39C}.AppStore|x64.Deploy.0 = Release|x64
		{88F81819-D8F3-481F-B34B-F9D7AAC1F39C}.AppStore|x86.ActiveCfg = Release|x86
		{88F81819-D8F3-481F-B34B-F9D7AAC1F39C}.AppStore|x86.Build.0 = Release|x86
		{88F81819-D8F3-481F-B34B-F9D7AAC1F39C}.AppStore|x86.Deploy.0 = Release|x86
		{88F81819-D8F3-481F-B34B-F9D7AAC1F39C}.Debug|Any CPU.ActiveCfg = Debug|x86
		{88F81819-D8F3-481F-B34B-F9D7AAC1F39C}.Debug|Any CPU.Build.0 = Debug|x86
		{88F81819-D8F3-481F-B34B-F9D7AAC1F39C}.Debug|Any CPU.Deploy.0 = Debug|x86
		{88F81819-D8F3-481F-B34B-F9D7AAC1F39C}.Debug|ARM.ActiveCfg = Debug|ARM
		{88F81819-D8F3-481F-B34B-F9D7AAC1F39C}.Debug|ARM.Build.0 = Debug|ARM
		{88F81819-D8F3-481F-B34B-F9D7AAC1F39C}.Debug|ARM.Deploy.0 = Debug|ARM
		{88F81819-D8F3-481F-B34B-F9D7AAC1F39C}.Debug|iPhone.ActiveCfg = Debug|x86
		{88F81819-D8F3-481F-B34B-F9D7AAC1F39C}.Debug|iPhone.Build.0 = Debug|x86
		{88F81819-D8F3-481F-B34B-F9D7AAC1F39C}.Debug|iPhone.Deploy.0 = Debug|x86
		{88F81819-D8F3-481F-B34B-F9D7AAC1F39C}.Debug|iPhoneSimulator.ActiveCfg = Debug|x86
		{88F81819-D8F3-481F-B34B-F9D7AAC1F39C}.Debug|iPhoneSimulator.Build.0 = Debug|x86
		{88F81819-D8F3-481F-B34B-F9D7AAC1F39C}.Debug|iPhoneSimulator.Deploy.0 = Debug|x86
		{88F81819-D8F3-481F-B34B-F9D7AAC1F39C}.Debug|x64.ActiveCfg = Debug|x64
		{88F81819-D8F3-481F-B34B-F9D7AAC1F39C}.Debug|x64.Build.0 = Debug|x64
		{88F81819-D8F3-481F-B34B-F9D7AAC1F39C}.Debug|x64.Deploy.0 = Debug|x64
		{88F81819-D8F3-481F-B34B-F9D7AAC1F39C}.Debug|x86.ActiveCfg = Debug|x86
		{88F81819-D8F3-481F-B34B-F9D7AAC1F39C}.Debug|x86.Build.0 = Debug|x86
		{88F81819-D8F3-481F-B34B-F9D7AAC1F39C}.Debug|x86.Deploy.0 = Debug|x86
		{88F81819-D8F3-481F-B34B-F9D7AAC1F39C}.Release|Any CPU.ActiveCfg = Release|x86
		{88F81819-D8F3-481F-B34B-F9D7AAC1F39C}.Release|Any CPU.Build.0 = Release|x86
		{88F81819-D8F3-481F-B34B-F9D7AAC1F39C}.Release|Any CPU.Deploy.0 = Release|x86
		{88F81819-D8F3-481F-B34B-F9D7AAC1F39C}.Release|ARM.ActiveCfg = Release|ARM
		{88F81819-D8F3-481F-B34B-F9D7AAC1F39C}.Release|ARM.Build.0 = Release|ARM
		{88F81819-D8F3-481F-B34B-F9D7AAC1F39C}.Release|ARM.Deploy.0 = Release|ARM
		{88F81819-D8F3-481F-B34B-F9D7AAC1F39C}.Release|iPhone.ActiveCfg = Release|x86
		{88F81819-D8F3-481F-B34B-F9D7AAC1F39C}.Release|iPhone.Build.0 = Release|x86
		{88F81819-D8F3-481F-B34B-F9D7AAC1F39C}.Release|iPhone.Deploy.0 = Release|x86
		{88F81819-D8F3-481F-B34B-F9D7AAC1F39C}.Release|iPhoneSimulator.ActiveCfg = Release|x86
		{88F81819-D8F3-481F-B34B-F9D7AAC1F39C}.Release|iPhoneSimulator.Build.0 = Release|x86
		{88F81819-D8F3-481F-B34B-F9D7AAC1F39C}.Release|iPhoneSimulator.Deploy.0 = Release|x86
		{88F81819-D8F3-481F-B34B-F9D7AAC1F39C}.Release|x64.ActiveCfg = Release|x64
		{88F81819-D8F3-481F-B34B-F9D7AAC1F39C}.Release|x64.Build.0 = Release|x64
		{88F81819-D8F3-481F-B34B-F9D7AAC1F39C}.Release|x64.Deploy.0 = Release|x64
		{88F81819-D8F3-481F-B34B-F9D7AAC1F39C}.Release|x86.ActiveCfg = Release|x86
		{88F81819-D8F3-481F-B34B-F9D7AAC1F39C}.Release|x86.Build.0 = Release|x86
		{88F81819-D8F3-481F-B34B-F9D7AAC1F39C}.Release|x86.Deploy.0 = Release|x86
		{A502961B-EE5D-446F-89B0-825859D35329}.Ad-Hoc|Any CPU.ActiveCfg = Debug|Any CPU
		{A502961B-EE5D-446F-89B0-825859D35329}.Ad-Hoc|Any CPU.Build.0 = Debug|Any CPU
		{A502961B-EE5D-446F-89B0-825859D35329}.Ad-Hoc|Any CPU.Deploy.0 = Debug|Any CPU
		{A502961B-EE5D-446F-89B0-825859D35329}.Ad-Hoc|ARM.ActiveCfg = Debug|Any CPU
		{A502961B-EE5D-446F-89B0-825859D35329}.Ad-Hoc|ARM.Build.0 = Debug|Any CPU
		{A502961B-EE5D-446F-89B0-825859D35329}.Ad-Hoc|ARM.Deploy.0 = Debug|Any CPU
		{A502961B-EE5D-446F-89B0-825859D35329}.Ad-Hoc|iPhone.ActiveCfg = Debug|Any CPU
		{A502961B-EE5D-446F-89B0-825859D35329}.Ad-Hoc|iPhone.Build.0 = Debug|Any CPU
		{A502961B-EE5D-446F-89B0-825859D35329}.Ad-Hoc|iPhone.Deploy.0 = Debug|Any CPU
		{A502961B-EE5D-446F-89B0-825859D35329}.Ad-Hoc|iPhoneSimulator.ActiveCfg = Debug|Any CPU
		{A502961B-EE5D-446F-89B0-825859D35329}.Ad-Hoc|iPhoneSimulator.Build.0 = Debug|Any CPU
		{A502961B-EE5D-446F-89B0-825859D35329}.Ad-Hoc|iPhoneSimulator.Deploy.0 = Debug|Any CPU
		{A502961B-EE5D-446F-89B0-825859D35329}.Ad-Hoc|x64.ActiveCfg = Debug|Any CPU
		{A502961B-EE5D-446F-89B0-825859D35329}.Ad-Hoc|x64.Build.0 = Debug|Any CPU
		{A502961B-EE5D-446F-89B0-825859D35329}.Ad-Hoc|x64.Deploy.0 = Debug|Any CPU
		{A502961B-EE5D-446F-89B0-825859D35329}.Ad-Hoc|x86.ActiveCfg = Debug|Any CPU
		{A502961B-EE5D-446F-89B0-825859D35329}.Ad-Hoc|x86.Build.0 = Debug|Any CPU
		{A502961B-EE5D-446F-89B0-825859D35329}.Ad-Hoc|x86.Deploy.0 = Debug|Any CPU
		{A502961B-EE5D-446F-89B0-825859D35329}.AppStore|Any CPU.ActiveCfg = Debug|Any CPU
		{A502961B-EE5D-446F-89B0-825859D35329}.AppStore|Any CPU.Build.0 = Debug|Any CPU
		{A502961B-EE5D-446F-89B0-825859D35329}.AppStore|Any CPU.Deploy.0 = Debug|Any CPU
		{A502961B-EE5D-446F-89B0-825859D35329}.AppStore|ARM.ActiveCfg = Debug|Any CPU
		{A502961B-EE5D-446F-89B0-825859D35329}.AppStore|ARM.Build.0 = Debug|Any CPU
		{A502961B-EE5D-446F-89B0-825859D35329}.AppStore|ARM.Deploy.0 = Debug|Any CPU
		{A502961B-EE5D-446F-89B0-825859D35329}.AppStore|iPhone.ActiveCfg = Debug|Any CPU
		{A502961B-EE5D-446F-89B0-825859D35329}.AppStore|iPhone.Build.0 = Debug|Any CPU
		{A502961B-EE5D-446F-89B0-825859D35329}.AppStore|iPhone.Deploy.0 = Debug|Any CPU
		{A502961B-EE5D-446F-89B0-825859D35329}.AppStore|iPhoneSimulator.ActiveCfg = Debug|Any CPU
		{A502961B-EE5D-446F-89B0-825859D35329}.AppStore|iPhoneSimulator.Build.0 = Debug|Any CPU
		{A502961B-EE5D-446F-89B0-825859D35329}.AppStore|iPhoneSimulator.Deploy.0 = Debug|Any CPU
		{A502961B-EE5D-446F-89B0-825859D35329}.AppStore|x64.ActiveCfg = Debug|Any CPU
		{A502961B-EE5D-446F-89B0-825859D35329}.AppStore|x64.Build.0 = Debug|Any CPU
		{A502961B-EE5D-446F-89B0-825859D35329}.AppStore|x64.Deploy.0 = Debug|Any CPU
		{A502961B-EE5D-446F-89B0-825859D35329}.AppStore|x86.ActiveCfg = Debug|Any CPU
		{A502961B-EE5D-446F-89B0-825859D35329}.AppStore|x86.Build.0 = Debug|Any CPU
		{A502961B-EE5D-446F-89B0-825859D35329}.AppStore|x86.Deploy.0 = Debug|Any CPU
		{A502961B-EE5D-446F-89B0-825859D35329}.Debug|Any CPU.ActiveCfg = Debug|Any CPU
		{A502961B-EE5D-446F-89B0-825859D35329}.Debug|Any CPU.Build.0 = Debug|Any CPU
		{A502961B-EE5D-446F-89B0-825859D35329}.Debug|Any CPU.Deploy.0 = Debug|Any CPU
		{A502961B-EE5D-446F-89B0-825859D35329}.Debug|ARM.ActiveCfg = Debug|Any CPU
		{A502961B-EE5D-446F-89B0-825859D35329}.Debug|ARM.Build.0 = Debug|Any CPU
		{A502961B-EE5D-446F-89B0-825859D35329}.Debug|ARM.Deploy.0 = Debug|Any CPU
		{A502961B-EE5D-446F-89B0-825859D35329}.Debug|iPhone.ActiveCfg = Debug|Any CPU
		{A502961B-EE5D-446F-89B0-825859D35329}.Debug|iPhone.Build.0 = Debug|Any CPU
		{A502961B-EE5D-446F-89B0-825859D35329}.Debug|iPhone.Deploy.0 = Debug|Any CPU
		{A502961B-EE5D-446F-89B0-825859D35329}.Debug|iPhoneSimulator.ActiveCfg = Debug|Any CPU
		{A502961B-EE5D-446F-89B0-825859D35329}.Debug|iPhoneSimulator.Build.0 = Debug|Any CPU
		{A502961B-EE5D-446F-89B0-825859D35329}.Debug|iPhoneSimulator.Deploy.0 = Debug|Any CPU
		{A502961B-EE5D-446F-89B0-825859D35329}.Debug|x64.ActiveCfg = Debug|Any CPU
		{A502961B-EE5D-446F-89B0-825859D35329}.Debug|x64.Build.0 = Debug|Any CPU
		{A502961B-EE5D-446F-89B0-825859D35329}.Debug|x64.Deploy.0 = Debug|Any CPU
		{A502961B-EE5D-446F-89B0-825859D35329}.Debug|x86.ActiveCfg = Debug|Any CPU
		{A502961B-EE5D-446F-89B0-825859D35329}.Debug|x86.Build.0 = Debug|Any CPU
		{A502961B-EE5D-446F-89B0-825859D35329}.Debug|x86.Deploy.0 = Debug|Any CPU
		{A502961B-EE5D-446F-89B0-825859D35329}.Release|Any CPU.ActiveCfg = Release|Any CPU
		{A502961B-EE5D-446F-89B0-825859D35329}.Release|Any CPU.Build.0 = Release|Any CPU
		{A502961B-EE5D-446F-89B0-825859D35329}.Release|Any CPU.Deploy.0 = Release|Any CPU
		{A502961B-EE5D-446F-89B0-825859D35329}.Release|ARM.ActiveCfg = Release|Any CPU
		{A502961B-EE5D-446F-89B0-825859D35329}.Release|ARM.Build.0 = Release|Any CPU
		{A502961B-EE5D-446F-89B0-825859D35329}.Release|ARM.Deploy.0 = Release|Any CPU
		{A502961B-EE5D-446F-89B0-825859D35329}.Release|iPhone.ActiveCfg = Release|Any CPU
		{A502961B-EE5D-446F-89B0-825859D35329}.Release|iPhone.Build.0 = Release|Any CPU
		{A502961B-EE5D-446F-89B0-825859D35329}.Release|iPhone.Deploy.0 = Release|Any CPU
		{A502961B-EE5D-446F-89B0-825859D35329}.Release|iPhoneSimulator.ActiveCfg = Release|Any CPU
		{A502961B-EE5D-446F-89B0-825859D35329}.Release|iPhoneSimulator.Build.0 = Release|Any CPU
		{A502961B-EE5D-446F-89B0-825859D35329}.Release|iPhoneSimulator.Deploy.0 = Release|Any CPU
		{A502961B-EE5D-446F-89B0-825859D35329}.Release|x64.ActiveCfg = Release|Any CPU
		{A502961B-EE5D-446F-89B0-825859D35329}.Release|x64.Build.0 = Release|Any CPU
		{A502961B-EE5D-446F-89B0-825859D35329}.Release|x64.Deploy.0 = Release|Any CPU
		{A502961B-EE5D-446F-89B0-825859D35329}.Release|x86.ActiveCfg = Release|Any CPU
		{A502961B-EE5D-446F-89B0-825859D35329}.Release|x86.Build.0 = Release|Any CPU
		{A502961B-EE5D-446F-89B0-825859D35329}.Release|x86.Deploy.0 = Release|Any CPU
	EndGlobalSection
	GlobalSection(SolutionProperties) = preSolution
		HideSolutionNode = FALSE
	EndGlobalSection
	GlobalSection(ExtensibilityGlobals) = postSolution
		SolutionGuid = {7A80FF2D-5D39-44B6-9926-7975ECE2A436}
	EndGlobalSection
EndGlobal
